// !$*UTF8*$!
{
	archiveVersion = 1;
	classes = {
	};
	objectVersion = 51;
	objects = {

/* Begin PBXBuildFile section */
		4774F0B800D24B3A6ABAA179 /* Pods_DDareungMap.framework in Frameworks */ = {isa = PBXBuildFile; fileRef = 3623321013AA2D6C772116D1 /* Pods_DDareungMap.framework */; };
		D36013D6253D7FF10025DFBB /* InfoPopupViewLauncher.swift in Sources */ = {isa = PBXBuildFile; fileRef = D36013D3253D7FF10025DFBB /* InfoPopupViewLauncher.swift */; };
		D36013D7253D7FF10025DFBB /* LabelExtension.swift in Sources */ = {isa = PBXBuildFile; fileRef = D36013D4253D7FF10025DFBB /* LabelExtension.swift */; };
		D36013D8253D7FF10025DFBB /* SetRegionCase.swift in Sources */ = {isa = PBXBuildFile; fileRef = D36013D5253D7FF10025DFBB /* SetRegionCase.swift */; };
		D36013DB253D80220025DFBB /* NonClusteringMKMarkerAnnotationView.swift in Sources */ = {isa = PBXBuildFile; fileRef = D36013DA253D80220025DFBB /* NonClusteringMKMarkerAnnotationView.swift */; };
		D3A628E5253DC92000B7C2E2 /* LaunchView.swift in Sources */ = {isa = PBXBuildFile; fileRef = D3A628E4253DC92000B7C2E2 /* LaunchView.swift */; };
		D3A628E9253DCC7500B7C2E2 /* SubwayService.swift in Sources */ = {isa = PBXBuildFile; fileRef = D3A628E8253DCC7500B7C2E2 /* SubwayService.swift */; };
		D3A628ED253DCDCB00B7C2E2 /* SubwayModel.swift in Sources */ = {isa = PBXBuildFile; fileRef = D3A628EC253DCDCB00B7C2E2 /* SubwayModel.swift */; };
		D3A628F1253DDABE00B7C2E2 /* SerachPopupViewLauncher.swift in Sources */ = {isa = PBXBuildFile; fileRef = D3A628F0253DDABE00B7C2E2 /* SerachPopupViewLauncher.swift */; };
		D3A628F4253DE60D00B7C2E2 /* SearchResultCell.swift in Sources */ = {isa = PBXBuildFile; fileRef = D3A628F3253DE60D00B7C2E2 /* SearchResultCell.swift */; };
		D3F60D52253C3094003D6915 /* AppDelegate.swift in Sources */ = {isa = PBXBuildFile; fileRef = D3F60D51253C3094003D6915 /* AppDelegate.swift */; };
		D3F60D56253C3094003D6915 /* ViewController.swift in Sources */ = {isa = PBXBuildFile; fileRef = D3F60D55253C3094003D6915 /* ViewController.swift */; };
		D3F60D5B253C3096003D6915 /* Assets.xcassets in Resources */ = {isa = PBXBuildFile; fileRef = D3F60D5A253C3096003D6915 /* Assets.xcassets */; };
		D3F60D5E253C3096003D6915 /* LaunchScreen.storyboard in Resources */ = {isa = PBXBuildFile; fileRef = D3F60D5C253C3096003D6915 /* LaunchScreen.storyboard */; };
		D3F60D70253C3217003D6915 /* BikeService.swift in Sources */ = {isa = PBXBuildFile; fileRef = D3F60D6F253C3217003D6915 /* BikeService.swift */; };
		D3F60D75253C34D1003D6915 /* BikeModel.swift in Sources */ = {isa = PBXBuildFile; fileRef = D3F60D74253C34D1003D6915 /* BikeModel.swift */; };
/* End PBXBuildFile section */

/* Begin PBXFileReference section */
		2212825432139345AAFF17E9 /* Pods-DDareungMap.debug.xcconfig */ = {isa = PBXFileReference; includeInIndex = 1; lastKnownFileType = text.xcconfig; name = "Pods-DDareungMap.debug.xcconfig"; path = "Target Support Files/Pods-DDareungMap/Pods-DDareungMap.debug.xcconfig"; sourceTree = "<group>"; };
		3623321013AA2D6C772116D1 /* Pods_DDareungMap.framework */ = {isa = PBXFileReference; explicitFileType = wrapper.framework; includeInIndex = 0; path = Pods_DDareungMap.framework; sourceTree = BUILT_PRODUCTS_DIR; };
		D36013D3253D7FF10025DFBB /* InfoPopupViewLauncher.swift */ = {isa = PBXFileReference; fileEncoding = 4; lastKnownFileType = sourcecode.swift; path = InfoPopupViewLauncher.swift; sourceTree = "<group>"; };
		D36013D4253D7FF10025DFBB /* LabelExtension.swift */ = {isa = PBXFileReference; fileEncoding = 4; lastKnownFileType = sourcecode.swift; path = LabelExtension.swift; sourceTree = "<group>"; };
		D36013D5253D7FF10025DFBB /* SetRegionCase.swift */ = {isa = PBXFileReference; fileEncoding = 4; lastKnownFileType = sourcecode.swift; path = SetRegionCase.swift; sourceTree = "<group>"; };
		D36013DA253D80220025DFBB /* NonClusteringMKMarkerAnnotationView.swift */ = {isa = PBXFileReference; fileEncoding = 4; lastKnownFileType = sourcecode.swift; path = NonClusteringMKMarkerAnnotationView.swift; sourceTree = "<group>"; };
		D3A628E4253DC92000B7C2E2 /* LaunchView.swift */ = {isa = PBXFileReference; lastKnownFileType = sourcecode.swift; path = LaunchView.swift; sourceTree = "<group>"; };
		D3A628E8253DCC7500B7C2E2 /* SubwayService.swift */ = {isa = PBXFileReference; lastKnownFileType = sourcecode.swift; path = SubwayService.swift; sourceTree = "<group>"; };
		D3A628EC253DCDCB00B7C2E2 /* SubwayModel.swift */ = {isa = PBXFileReference; lastKnownFileType = sourcecode.swift; path = SubwayModel.swift; sourceTree = "<group>"; };
		D3A628F0253DDABE00B7C2E2 /* SerachPopupViewLauncher.swift */ = {isa = PBXFileReference; lastKnownFileType = sourcecode.swift; path = SerachPopupViewLauncher.swift; sourceTree = "<group>"; };
		D3A628F3253DE60D00B7C2E2 /* SearchResultCell.swift */ = {isa = PBXFileReference; lastKnownFileType = sourcecode.swift; path = SearchResultCell.swift; sourceTree = "<group>"; };
		D3F60D4E253C3094003D6915 /* DDareungMap.app */ = {isa = PBXFileReference; explicitFileType = wrapper.application; includeInIndex = 0; path = DDareungMap.app; sourceTree = BUILT_PRODUCTS_DIR; };
		D3F60D51253C3094003D6915 /* AppDelegate.swift */ = {isa = PBXFileReference; lastKnownFileType = sourcecode.swift; path = AppDelegate.swift; sourceTree = "<group>"; };
		D3F60D55253C3094003D6915 /* ViewController.swift */ = {isa = PBXFileReference; lastKnownFileType = sourcecode.swift; path = ViewController.swift; sourceTree = "<group>"; };
		D3F60D5A253C3096003D6915 /* Assets.xcassets */ = {isa = PBXFileReference; lastKnownFileType = folder.assetcatalog; path = Assets.xcassets; sourceTree = "<group>"; };
		D3F60D5D253C3096003D6915 /* Base */ = {isa = PBXFileReference; lastKnownFileType = file.storyboard; name = Base; path = Base.lproj/LaunchScreen.storyboard; sourceTree = "<group>"; };
		D3F60D5F253C3096003D6915 /* Info.plist */ = {isa = PBXFileReference; lastKnownFileType = text.plist.xml; path = Info.plist; sourceTree = "<group>"; };
		D3F60D6F253C3217003D6915 /* BikeService.swift */ = {isa = PBXFileReference; lastKnownFileType = sourcecode.swift; path = BikeService.swift; sourceTree = "<group>"; };
		D3F60D74253C34D1003D6915 /* BikeModel.swift */ = {isa = PBXFileReference; lastKnownFileType = sourcecode.swift; path = BikeModel.swift; sourceTree = "<group>"; };
		E11E2289B798D331883EC9BE /* Pods-DDareungMap.release.xcconfig */ = {isa = PBXFileReference; includeInIndex = 1; lastKnownFileType = text.xcconfig; name = "Pods-DDareungMap.release.xcconfig"; path = "Target Support Files/Pods-DDareungMap/Pods-DDareungMap.release.xcconfig"; sourceTree = "<group>"; };
/* End PBXFileReference section */

/* Begin PBXFrameworksBuildPhase section */
		D3F60D4B253C3094003D6915 /* Frameworks */ = {
			isa = PBXFrameworksBuildPhase;
			buildActionMask = 2147483647;
			files = (
				4774F0B800D24B3A6ABAA179 /* Pods_DDareungMap.framework in Frameworks */,
			);
			runOnlyForDeploymentPostprocessing = 0;
		};
/* End PBXFrameworksBuildPhase section */

/* Begin PBXGroup section */
		42AFE906C4088FFEEAA8CE9F /* Frameworks */ = {
			isa = PBXGroup;
			children = (
				3623321013AA2D6C772116D1 /* Pods_DDareungMap.framework */,
			);
			name = Frameworks;
			sourceTree = "<group>";
		};
		6513DA60126A913CCD537F1F /* Pods */ = {
			isa = PBXGroup;
			children = (
				2212825432139345AAFF17E9 /* Pods-DDareungMap.debug.xcconfig */,
				E11E2289B798D331883EC9BE /* Pods-DDareungMap.release.xcconfig */,
			);
			path = Pods;
			sourceTree = "<group>";
		};
		D3F60D45253C3093003D6915 = {
			isa = PBXGroup;
			children = (
				D3F60D50253C3094003D6915 /* DDareungMap */,
				D3F60D4F253C3094003D6915 /* Products */,
				6513DA60126A913CCD537F1F /* Pods */,
				42AFE906C4088FFEEAA8CE9F /* Frameworks */,
			);
			sourceTree = "<group>";
		};
		D3F60D4F253C3094003D6915 /* Products */ = {
			isa = PBXGroup;
			children = (
				D3F60D4E253C3094003D6915 /* DDareungMap.app */,
			);
			name = Products;
			sourceTree = "<group>";
		};
		D3F60D50253C3094003D6915 /* DDareungMap */ = {
			isa = PBXGroup;
			children = (
				D3F60DA6253CB8C4003D6915 /* View */,
				D3F60D96253C72F2003D6915 /* Utill */,
				D3F60D77253C3565003D6915 /* VC */,
				D3F60D72253C34C0003D6915 /* Model */,
				D3F60D6E253C3210003D6915 /* Service */,
				D3F60D51253C3094003D6915 /* AppDelegate.swift */,
				D3F60D5A253C3096003D6915 /* Assets.xcassets */,
				D3F60D5C253C3096003D6915 /* LaunchScreen.storyboard */,
				D3F60D5F253C3096003D6915 /* Info.plist */,
			);
			path = DDareungMap;
			sourceTree = "<group>";
		};
		D3F60D6E253C3210003D6915 /* Service */ = {
			isa = PBXGroup;
			children = (
				D3F60D6F253C3217003D6915 /* BikeService.swift */,
				D3A628E8253DCC7500B7C2E2 /* SubwayService.swift */,
			);
			path = Service;
			sourceTree = "<group>";
		};
		D3F60D72253C34C0003D6915 /* Model */ = {
			isa = PBXGroup;
			children = (
				D3F60D74253C34D1003D6915 /* BikeModel.swift */,
				D3A628EC253DCDCB00B7C2E2 /* SubwayModel.swift */,
			);
			path = Model;
			sourceTree = "<group>";
		};
		D3F60D77253C3565003D6915 /* VC */ = {
			isa = PBXGroup;
			children = (
				D3F60D55253C3094003D6915 /* ViewController.swift */,
			);
			path = VC;
			sourceTree = "<group>";
		};
		D3F60D96253C72F2003D6915 /* Utill */ = {
			isa = PBXGroup;
			children = (
				D36013D4253D7FF10025DFBB /* LabelExtension.swift */,
				D36013D3253D7FF10025DFBB /* InfoPopupViewLauncher.swift */,
				D3A628F0253DDABE00B7C2E2 /* SerachPopupViewLauncher.swift */,
				D36013D5253D7FF10025DFBB /* SetRegionCase.swift */,
			);
			path = Utill;
			sourceTree = "<group>";
		};
		D3F60DA6253CB8C4003D6915 /* View */ = {
			isa = PBXGroup;
			children = (
				D36013DA253D80220025DFBB /* NonClusteringMKMarkerAnnotationView.swift */,
				D3A628E4253DC92000B7C2E2 /* LaunchView.swift */,
				D3A628F3253DE60D00B7C2E2 /* SearchResultCell.swift */,
			);
			path = View;
			sourceTree = "<group>";
		};
/* End PBXGroup section */

/* Begin PBXNativeTarget section */
		D3F60D4D253C3094003D6915 /* DDareungMap */ = {
			isa = PBXNativeTarget;
			buildConfigurationList = D3F60D62253C3096003D6915 /* Build configuration list for PBXNativeTarget "DDareungMap" */;
			buildPhases = (
				83AD7AB5CFE60792D432A222 /* [CP] Check Pods Manifest.lock */,
				D3F60D4A253C3094003D6915 /* Sources */,
				D3F60D4B253C3094003D6915 /* Frameworks */,
				D3F60D4C253C3094003D6915 /* Resources */,
				1555F097CE61D5F9FB2184AA /* [CP] Embed Pods Frameworks */,
			);
			buildRules = (
			);
			dependencies = (
			);
			name = DDareungMap;
			productName = DDareungMap;
			productReference = D3F60D4E253C3094003D6915 /* DDareungMap.app */;
			productType = "com.apple.product-type.application";
		};
/* End PBXNativeTarget section */

/* Begin PBXProject section */
		D3F60D46253C3093003D6915 /* Project object */ = {
			isa = PBXProject;
			attributes = {
				LastSwiftUpdateCheck = 1200;
				LastUpgradeCheck = 1200;
				TargetAttributes = {
					D3F60D4D253C3094003D6915 = {
						CreatedOnToolsVersion = 12.0.1;
					};
				};
			};
			buildConfigurationList = D3F60D49253C3093003D6915 /* Build configuration list for PBXProject "DDareungMap" */;
			compatibilityVersion = "Xcode 9.3";
			developmentRegion = en;
			hasScannedForEncodings = 0;
			knownRegions = (
				en,
				Base,
			);
			mainGroup = D3F60D45253C3093003D6915;
			productRefGroup = D3F60D4F253C3094003D6915 /* Products */;
			projectDirPath = "";
			projectRoot = "";
			targets = (
				D3F60D4D253C3094003D6915 /* DDareungMap */,
			);
		};
/* End PBXProject section */

/* Begin PBXResourcesBuildPhase section */
		D3F60D4C253C3094003D6915 /* Resources */ = {
			isa = PBXResourcesBuildPhase;
			buildActionMask = 2147483647;
			files = (
				D3F60D5E253C3096003D6915 /* LaunchScreen.storyboard in Resources */,
				D3F60D5B253C3096003D6915 /* Assets.xcassets in Resources */,
			);
			runOnlyForDeploymentPostprocessing = 0;
		};
/* End PBXResourcesBuildPhase section */

/* Begin PBXShellScriptBuildPhase section */
		1555F097CE61D5F9FB2184AA /* [CP] Embed Pods Frameworks */ = {
			isa = PBXShellScriptBuildPhase;
			buildActionMask = 2147483647;
			files = (
			);
			inputFileListPaths = (
				"${PODS_ROOT}/Target Support Files/Pods-DDareungMap/Pods-DDareungMap-frameworks-${CONFIGURATION}-input-files.xcfilelist",
			);
			name = "[CP] Embed Pods Frameworks";
			outputFileListPaths = (
				"${PODS_ROOT}/Target Support Files/Pods-DDareungMap/Pods-DDareungMap-frameworks-${CONFIGURATION}-output-files.xcfilelist",
			);
			runOnlyForDeploymentPostprocessing = 0;
			shellPath = /bin/sh;
			shellScript = "\"${PODS_ROOT}/Target Support Files/Pods-DDareungMap/Pods-DDareungMap-frameworks.sh\"\n";
			showEnvVarsInLog = 0;
		};
		83AD7AB5CFE60792D432A222 /* [CP] Check Pods Manifest.lock */ = {
			isa = PBXShellScriptBuildPhase;
			buildActionMask = 2147483647;
			files = (
			);
			inputFileListPaths = (
			);
			inputPaths = (
				"${PODS_PODFILE_DIR_PATH}/Podfile.lock",
				"${PODS_ROOT}/Manifest.lock",
			);
			name = "[CP] Check Pods Manifest.lock";
			outputFileListPaths = (
			);
			outputPaths = (
				"$(DERIVED_FILE_DIR)/Pods-DDareungMap-checkManifestLockResult.txt",
			);
			runOnlyForDeploymentPostprocessing = 0;
			shellPath = /bin/sh;
			shellScript = "diff \"${PODS_PODFILE_DIR_PATH}/Podfile.lock\" \"${PODS_ROOT}/Manifest.lock\" > /dev/null\nif [ $? != 0 ] ; then\n    # print error to STDERR\n    echo \"error: The sandbox is not in sync with the Podfile.lock. Run 'pod install' or update your CocoaPods installation.\" >&2\n    exit 1\nfi\n# This output is used by Xcode 'outputs' to avoid re-running this script phase.\necho \"SUCCESS\" > \"${SCRIPT_OUTPUT_FILE_0}\"\n";
			showEnvVarsInLog = 0;
		};
/* End PBXShellScriptBuildPhase section */

/* Begin PBXSourcesBuildPhase section */
		D3F60D4A253C3094003D6915 /* Sources */ = {
			isa = PBXSourcesBuildPhase;
			buildActionMask = 2147483647;
			files = (
				D36013D7253D7FF10025DFBB /* LabelExtension.swift in Sources */,
				D3F60D56253C3094003D6915 /* ViewController.swift in Sources */,
				D3A628E9253DCC7500B7C2E2 /* SubwayService.swift in Sources */,
				D36013D8253D7FF10025DFBB /* SetRegionCase.swift in Sources */,
				D3A628F4253DE60D00B7C2E2 /* SearchResultCell.swift in Sources */,
				D3F60D52253C3094003D6915 /* AppDelegate.swift in Sources */,
				D3F60D70253C3217003D6915 /* BikeService.swift in Sources */,
				D3F60D75253C34D1003D6915 /* BikeModel.swift in Sources */,
				D3A628F1253DDABE00B7C2E2 /* SerachPopupViewLauncher.swift in Sources */,
				D36013D6253D7FF10025DFBB /* InfoPopupViewLauncher.swift in Sources */,
				D3A628E5253DC92000B7C2E2 /* LaunchView.swift in Sources */,
				D36013DB253D80220025DFBB /* NonClusteringMKMarkerAnnotationView.swift in Sources */,
				D3A628ED253DCDCB00B7C2E2 /* SubwayModel.swift in Sources */,
			);
			runOnlyForDeploymentPostprocessing = 0;
		};
/* End PBXSourcesBuildPhase section */

/* Begin PBXVariantGroup section */
		D3F60D5C253C3096003D6915 /* LaunchScreen.storyboard */ = {
			isa = PBXVariantGroup;
			children = (
				D3F60D5D253C3096003D6915 /* Base */,
			);
			name = LaunchScreen.storyboard;
			sourceTree = "<group>";
		};
/* End PBXVariantGroup section */

/* Begin XCBuildConfiguration section */
		D3F60D60253C3096003D6915 /* Debug */ = {
			isa = XCBuildConfiguration;
			buildSettings = {
				ALWAYS_SEARCH_USER_PATHS = NO;
				CLANG_ANALYZER_NONNULL = YES;
				CLANG_ANALYZER_NUMBER_OBJECT_CONVERSION = YES_AGGRESSIVE;
				CLANG_CXX_LANGUAGE_STANDARD = "gnu++14";
				CLANG_CXX_LIBRARY = "libc++";
				CLANG_ENABLE_MODULES = YES;
				CLANG_ENABLE_OBJC_ARC = YES;
				CLANG_ENABLE_OBJC_WEAK = YES;
				CLANG_WARN_BLOCK_CAPTURE_AUTORELEASING = YES;
				CLANG_WARN_BOOL_CONVERSION = YES;
				CLANG_WARN_COMMA = YES;
				CLANG_WARN_CONSTANT_CONVERSION = YES;
				CLANG_WARN_DEPRECATED_OBJC_IMPLEMENTATIONS = YES;
				CLANG_WARN_DIRECT_OBJC_ISA_USAGE = YES_ERROR;
				CLANG_WARN_DOCUMENTATION_COMMENTS = YES;
				CLANG_WARN_EMPTY_BODY = YES;
				CLANG_WARN_ENUM_CONVERSION = YES;
				CLANG_WARN_INFINITE_RECURSION = YES;
				CLANG_WARN_INT_CONVERSION = YES;
				CLANG_WARN_NON_LITERAL_NULL_CONVERSION = YES;
				CLANG_WARN_OBJC_IMPLICIT_RETAIN_SELF = YES;
				CLANG_WARN_OBJC_LITERAL_CONVERSION = YES;
				CLANG_WARN_OBJC_ROOT_CLASS = YES_ERROR;
				CLANG_WARN_QUOTED_INCLUDE_IN_FRAMEWORK_HEADER = YES;
				CLANG_WARN_RANGE_LOOP_ANALYSIS = YES;
				CLANG_WARN_STRICT_PROTOTYPES = YES;
				CLANG_WARN_SUSPICIOUS_MOVE = YES;
				CLANG_WARN_UNGUARDED_AVAILABILITY = YES_AGGRESSIVE;
				CLANG_WARN_UNREACHABLE_CODE = YES;
				CLANG_WARN__DUPLICATE_METHOD_MATCH = YES;
				COPY_PHASE_STRIP = NO;
				DEBUG_INFORMATION_FORMAT = dwarf;
				ENABLE_STRICT_OBJC_MSGSEND = YES;
				ENABLE_TESTABILITY = YES;
				GCC_C_LANGUAGE_STANDARD = gnu11;
				GCC_DYNAMIC_NO_PIC = NO;
				GCC_NO_COMMON_BLOCKS = YES;
				GCC_OPTIMIZATION_LEVEL = 0;
				GCC_PREPROCESSOR_DEFINITIONS = (
					"DEBUG=1",
					"$(inherited)",
				);
				GCC_WARN_64_TO_32_BIT_CONVERSION = YES;
				GCC_WARN_ABOUT_RETURN_TYPE = YES_ERROR;
				GCC_WARN_UNDECLARED_SELECTOR = YES;
				GCC_WARN_UNINITIALIZED_AUTOS = YES_AGGRESSIVE;
				GCC_WARN_UNUSED_FUNCTION = YES;
				GCC_WARN_UNUSED_VARIABLE = YES;
				IPHONEOS_DEPLOYMENT_TARGET = 14.0;
				MTL_ENABLE_DEBUG_INFO = INCLUDE_SOURCE;
				MTL_FAST_MATH = YES;
				ONLY_ACTIVE_ARCH = YES;
				SDKROOT = iphoneos;
				SWIFT_ACTIVE_COMPILATION_CONDITIONS = DEBUG;
				SWIFT_OPTIMIZATION_LEVEL = "-Onone";
			};
			name = Debug;
		};
		D3F60D61253C3096003D6915 /* Release */ = {
			isa = XCBuildConfiguration;
			buildSettings = {
				ALWAYS_SEARCH_USER_PATHS = NO;
				CLANG_ANALYZER_NONNULL = YES;
				CLANG_ANALYZER_NUMBER_OBJECT_CONVERSION = YES_AGGRESSIVE;
				CLANG_CXX_LANGUAGE_STANDARD = "gnu++14";
				CLANG_CXX_LIBRARY = "libc++";
				CLANG_ENABLE_MODULES = YES;
				CLANG_ENABLE_OBJC_ARC = YES;
				CLANG_ENABLE_OBJC_WEAK = YES;
				CLANG_WARN_BLOCK_CAPTURE_AUTORELEASING = YES;
				CLANG_WARN_BOOL_CONVERSION = YES;
				CLANG_WARN_COMMA = YES;
				CLANG_WARN_CONSTANT_CONVERSION = YES;
				CLANG_WARN_DEPRECATED_OBJC_IMPLEMENTATIONS = YES;
				CLANG_WARN_DIRECT_OBJC_ISA_USAGE = YES_ERROR;
				CLANG_WARN_DOCUMENTATION_COMMENTS = YES;
				CLANG_WARN_EMPTY_BODY = YES;
				CLANG_WARN_ENUM_CONVERSION = YES;
				CLANG_WARN_INFINITE_RECURSION = YES;
				CLANG_WARN_INT_CONVERSION = YES;
				CLANG_WARN_NON_LITERAL_NULL_CONVERSION = YES;
				CLANG_WARN_OBJC_IMPLICIT_RETAIN_SELF = YES;
				CLANG_WARN_OBJC_LITERAL_CONVERSION = YES;
				CLANG_WARN_OBJC_ROOT_CLASS = YES_ERROR;
				CLANG_WARN_QUOTED_INCLUDE_IN_FRAMEWORK_HEADER = YES;
				CLANG_WARN_RANGE_LOOP_ANALYSIS = YES;
				CLANG_WARN_STRICT_PROTOTYPES = YES;
				CLANG_WARN_SUSPICIOUS_MOVE = YES;
				CLANG_WARN_UNGUARDED_AVAILABILITY = YES_AGGRESSIVE;
				CLANG_WARN_UNREACHABLE_CODE = YES;
				CLANG_WARN__DUPLICATE_METHOD_MATCH = YES;
				COPY_PHASE_STRIP = NO;
				DEBUG_INFORMATION_FORMAT = "dwarf-with-dsym";
				ENABLE_NS_ASSERTIONS = NO;
				ENABLE_STRICT_OBJC_MSGSEND = YES;
				GCC_C_LANGUAGE_STANDARD = gnu11;
				GCC_NO_COMMON_BLOCKS = YES;
				GCC_WARN_64_TO_32_BIT_CONVERSION = YES;
				GCC_WARN_ABOUT_RETURN_TYPE = YES_ERROR;
				GCC_WARN_UNDECLARED_SELECTOR = YES;
				GCC_WARN_UNINITIALIZED_AUTOS = YES_AGGRESSIVE;
				GCC_WARN_UNUSED_FUNCTION = YES;
				GCC_WARN_UNUSED_VARIABLE = YES;
				IPHONEOS_DEPLOYMENT_TARGET = 14.0;
				MTL_ENABLE_DEBUG_INFO = NO;
				MTL_FAST_MATH = YES;
				SDKROOT = iphoneos;
				SWIFT_COMPILATION_MODE = wholemodule;
				SWIFT_OPTIMIZATION_LEVEL = "-O";
				VALIDATE_PRODUCT = YES;
			};
			name = Release;
		};
		D3F60D63253C3096003D6915 /* Debug */ = {
			isa = XCBuildConfiguration;
			baseConfigurationReference = 2212825432139345AAFF17E9 /* Pods-DDareungMap.debug.xcconfig */;
			buildSettings = {
				ASSETCATALOG_COMPILER_APPICON_NAME = AppIcon;
				ASSETCATALOG_COMPILER_GLOBAL_ACCENT_COLOR_NAME = AccentColor;
				CODE_SIGN_STYLE = Automatic;
				DEVELOPMENT_TEAM = RA99PDU87Z;
				INFOPLIST_FILE = DDareungMap/Info.plist;
				IPHONEOS_DEPLOYMENT_TARGET = 14.1;
				LD_RUNPATH_SEARCH_PATHS = (
					"$(inherited)",
					"@executable_path/Frameworks",
				);
				MARKETING_VERSION = 1.0;
				PRODUCT_BUNDLE_IDENTIFIER = kr.DevDDong.DDareungMap0;
				PRODUCT_NAME = "$(TARGET_NAME)";
				SWIFT_VERSION = 5.0;
				TARGETED_DEVICE_FAMILY = 1;
			};
			name = Debug;
		};
		D3F60D64253C3096003D6915 /* Release */ = {
			isa = XCBuildConfiguration;
			baseConfigurationReference = E11E2289B798D331883EC9BE /* Pods-DDareungMap.release.xcconfig */;
			buildSettings = {
				ASSETCATALOG_COMPILER_APPICON_NAME = AppIcon;
				ASSETCATALOG_COMPILER_GLOBAL_ACCENT_COLOR_NAME = AccentColor;
				CODE_SIGN_STYLE = Automatic;
				DEVELOPMENT_TEAM = RA99PDU87Z;
				INFOPLIST_FILE = DDareungMap/Info.plist;
				IPHONEOS_DEPLOYMENT_TARGET = 14.1;
				LD_RUNPATH_SEARCH_PATHS = (
					"$(inherited)",
					"@executable_path/Frameworks",
				);
				MARKETING_VERSION = 1.0;
				PRODUCT_BUNDLE_IDENTIFIER = kr.DevDDong.DDareungMap0;
				PRODUCT_NAME = "$(TARGET_NAME)";
				SWIFT_VERSION = 5.0;
				TARGETED_DEVICE_FAMILY = 1;
			};
			name = Release;
		};
/* End XCBuildConfiguration section */

/* Begin XCConfigurationList section */
		D3F60D49253C3093003D6915 /* Build configuration list for PBXProject "DDareungMap" */ = {
			isa = XCConfigurationList;
			buildConfigurations = (
				D3F60D60253C3096003D6915 /* Debug */,
				D3F60D61253C3096003D6915 /* Release */,
			);
			defaultConfigurationIsVisible = 0;
			defaultConfigurationName = Release;
		};
		D3F60D62253C3096003D6915 /* Build configuration list for PBXNativeTarget "DDareungMap" */ = {
			isa = XCConfigurationList;
			buildConfigurations = (
				D3F60D63253C3096003D6915 /* Debug */,
				D3F60D64253C3096003D6915 /* Release */,
			);
			defaultConfigurationIsVisible = 0;
			defaultConfigurationName = Release;
		};
/* End XCConfigurationList section */
	};
	rootObject = D3F60D46253C3093003D6915 /* Project object */;
}
